// !$*UTF8*$!
{
	archiveVersion = 1;
	classes = {
	};
	objectVersion = 51;
	objects = {

/* Begin PBXBuildFile section */
		257AE94026FB45980069A366 /* AppDelegate.swift in Sources */ = {isa = PBXBuildFile; fileRef = 257AE93F26FB45980069A366 /* AppDelegate.swift */; };
		257AE94226FB45980069A366 /* ViewController.swift in Sources */ = {isa = PBXBuildFile; fileRef = 257AE94126FB45980069A366 /* ViewController.swift */; };
		257AE94426FB459C0069A366 /* Assets.xcassets in Resources */ = {isa = PBXBuildFile; fileRef = 257AE94326FB459C0069A366 /* Assets.xcassets */; };
		257AE94726FB459C0069A366 /* Main.storyboard in Resources */ = {isa = PBXBuildFile; fileRef = 257AE94526FB459C0069A366 /* Main.storyboard */; };
		25B8182726FD06D5009DCEDB /* FileInvestigator.m in Sources */ = {isa = PBXBuildFile; fileRef = 25B8182626FD06D5009DCEDB /* FileInvestigator.m */; };
		25B8182926FD06D5009DCEDB /* main.m in Sources */ = {isa = PBXBuildFile; fileRef = 25B8182826FD06D5009DCEDB /* main.m */; };
		25B8182D26FD06D5009DCEDB /* FileInvestigator.xpc in Embed XPC Services */ = {isa = PBXBuildFile; fileRef = 25B8182226FD06D5009DCEDB /* FileInvestigator.xpc */; settings = {ATTRIBUTES = (RemoveHeadersOnCopy, ); }; };
		25B818452700F6CF009DCEDB /* XPCCommunicator.swift in Sources */ = {isa = PBXBuildFile; fileRef = 25B818442700F6CF009DCEDB /* XPCCommunicator.swift */; };
		25B8184E27017DBF009DCEDB /* KandjiTestWindowController.swift in Sources */ = {isa = PBXBuildFile; fileRef = 25B8184D27017DBF009DCEDB /* KandjiTestWindowController.swift */; };
		ECE55F4E5C9BE11B244A6B53 /* Pods_KandjiTest.framework in Frameworks */ = {isa = PBXBuildFile; fileRef = 178D927ED1266214DBDE53B9 /* Pods_KandjiTest.framework */; };
/* End PBXBuildFile section */

/* Begin PBXContainerItemProxy section */
		25B8182B26FD06D5009DCEDB /* PBXContainerItemProxy */ = {
			isa = PBXContainerItemProxy;
			containerPortal = 257AE93426FB45980069A366 /* Project object */;
			proxyType = 1;
			remoteGlobalIDString = 25B8182126FD06D5009DCEDB;
			remoteInfo = FileInvestigator;
		};
/* End PBXContainerItemProxy section */

/* Begin PBXCopyFilesBuildPhase section */
		25B8181826FD06AB009DCEDB /* Embed XPC Services */ = {
			isa = PBXCopyFilesBuildPhase;
			buildActionMask = 2147483647;
			dstPath = "$(CONTENTS_FOLDER_PATH)/XPCServices";
			dstSubfolderSpec = 16;
			files = (
				25B8182D26FD06D5009DCEDB /* FileInvestigator.xpc in Embed XPC Services */,
			);
			name = "Embed XPC Services";
			runOnlyForDeploymentPostprocessing = 0;
		};
/* End PBXCopyFilesBuildPhase section */

/* Begin PBXFileReference section */
		178D927ED1266214DBDE53B9 /* Pods_KandjiTest.framework */ = {isa = PBXFileReference; explicitFileType = wrapper.framework; includeInIndex = 0; path = Pods_KandjiTest.framework; sourceTree = BUILT_PRODUCTS_DIR; };
		257AE93C26FB45980069A366 /* KandjiTest.app */ = {isa = PBXFileReference; explicitFileType = wrapper.application; includeInIndex = 0; path = KandjiTest.app; sourceTree = BUILT_PRODUCTS_DIR; };
		257AE93F26FB45980069A366 /* AppDelegate.swift */ = {isa = PBXFileReference; lastKnownFileType = sourcecode.swift; path = AppDelegate.swift; sourceTree = "<group>"; };
		257AE94126FB45980069A366 /* ViewController.swift */ = {isa = PBXFileReference; lastKnownFileType = sourcecode.swift; path = ViewController.swift; sourceTree = "<group>"; };
		257AE94326FB459C0069A366 /* Assets.xcassets */ = {isa = PBXFileReference; lastKnownFileType = folder.assetcatalog; path = Assets.xcassets; sourceTree = "<group>"; };
		257AE94626FB459C0069A366 /* Base */ = {isa = PBXFileReference; lastKnownFileType = file.storyboard; name = Base; path = Base.lproj/Main.storyboard; sourceTree = "<group>"; };
		257AE94826FB459C0069A366 /* Info.plist */ = {isa = PBXFileReference; lastKnownFileType = text.plist.xml; path = Info.plist; sourceTree = "<group>"; };
		257AE94926FB459C0069A366 /* KandjiTest.entitlements */ = {isa = PBXFileReference; lastKnownFileType = text.plist.entitlements; path = KandjiTest.entitlements; sourceTree = "<group>"; };
		257AE95026FB45C10069A366 /* KandjiTest-Bridging-Header.h */ = {isa = PBXFileReference; lastKnownFileType = sourcecode.c.h; path = "KandjiTest-Bridging-Header.h"; sourceTree = "<group>"; };
		25B8182226FD06D5009DCEDB /* FileInvestigator.xpc */ = {isa = PBXFileReference; explicitFileType = "wrapper.xpc-service"; includeInIndex = 0; path = FileInvestigator.xpc; sourceTree = BUILT_PRODUCTS_DIR; };
		25B8182426FD06D5009DCEDB /* FileInvestigatorProtocol.h */ = {isa = PBXFileReference; lastKnownFileType = sourcecode.c.h; path = FileInvestigatorProtocol.h; sourceTree = "<group>"; };
		25B8182526FD06D5009DCEDB /* FileInvestigator.h */ = {isa = PBXFileReference; lastKnownFileType = sourcecode.c.h; path = FileInvestigator.h; sourceTree = "<group>"; };
		25B8182626FD06D5009DCEDB /* FileInvestigator.m */ = {isa = PBXFileReference; lastKnownFileType = sourcecode.c.objc; path = FileInvestigator.m; sourceTree = "<group>"; };
		25B8182826FD06D5009DCEDB /* main.m */ = {isa = PBXFileReference; lastKnownFileType = sourcecode.c.objc; path = main.m; sourceTree = "<group>"; };
		25B8182A26FD06D5009DCEDB /* Info.plist */ = {isa = PBXFileReference; lastKnownFileType = text.plist.xml; path = Info.plist; sourceTree = "<group>"; };
		25B818442700F6CF009DCEDB /* XPCCommunicator.swift */ = {isa = PBXFileReference; lastKnownFileType = sourcecode.swift; path = XPCCommunicator.swift; sourceTree = "<group>"; };
		25B8184D27017DBF009DCEDB /* KandjiTestWindowController.swift */ = {isa = PBXFileReference; lastKnownFileType = sourcecode.swift; path = KandjiTestWindowController.swift; sourceTree = "<group>"; };
		448658E5E90170443B5C885A /* Pods-KandjiTest.release.xcconfig */ = {isa = PBXFileReference; includeInIndex = 1; lastKnownFileType = text.xcconfig; name = "Pods-KandjiTest.release.xcconfig"; path = "Target Support Files/Pods-KandjiTest/Pods-KandjiTest.release.xcconfig"; sourceTree = "<group>"; };
		E8EFA7C0756406B7C591DDA7 /* Pods-KandjiTest.debug.xcconfig */ = {isa = PBXFileReference; includeInIndex = 1; lastKnownFileType = text.xcconfig; name = "Pods-KandjiTest.debug.xcconfig"; path = "Target Support Files/Pods-KandjiTest/Pods-KandjiTest.debug.xcconfig"; sourceTree = "<group>"; };
/* End PBXFileReference section */

/* Begin PBXFrameworksBuildPhase section */
		257AE93926FB45980069A366 /* Frameworks */ = {
			isa = PBXFrameworksBuildPhase;
			buildActionMask = 2147483647;
			files = (
				ECE55F4E5C9BE11B244A6B53 /* Pods_KandjiTest.framework in Frameworks */,
			);
			runOnlyForDeploymentPostprocessing = 0;
		};
		25B8181F26FD06D5009DCEDB /* Frameworks */ = {
			isa = PBXFrameworksBuildPhase;
			buildActionMask = 2147483647;
			files = (
			);
			runOnlyForDeploymentPostprocessing = 0;
		};
/* End PBXFrameworksBuildPhase section */

/* Begin PBXGroup section */
		257AE93326FB45980069A366 = {
			isa = PBXGroup;
			children = (
				257AE93E26FB45980069A366 /* KandjiTest */,
				25B8182326FD06D5009DCEDB /* FileInvestigator */,
				257AE93D26FB45980069A366 /* Products */,
				36C255AA0530D3F182FA3C7B /* Pods */,
				5E3DF8E3654DBD23BE323677 /* Frameworks */,
			);
			sourceTree = "<group>";
		};
		257AE93D26FB45980069A366 /* Products */ = {
			isa = PBXGroup;
			children = (
				257AE93C26FB45980069A366 /* KandjiTest.app */,
				25B8182226FD06D5009DCEDB /* FileInvestigator.xpc */,
			);
			name = Products;
			sourceTree = "<group>";
		};
		257AE93E26FB45980069A366 /* KandjiTest */ = {
			isa = PBXGroup;
			children = (
				257AE93F26FB45980069A366 /* AppDelegate.swift */,
				257AE94126FB45980069A366 /* ViewController.swift */,
				25B8184D27017DBF009DCEDB /* KandjiTestWindowController.swift */,
				25B818442700F6CF009DCEDB /* XPCCommunicator.swift */,
				257AE94326FB459C0069A366 /* Assets.xcassets */,
				257AE94526FB459C0069A366 /* Main.storyboard */,
				257AE94826FB459C0069A366 /* Info.plist */,
				257AE94926FB459C0069A366 /* KandjiTest.entitlements */,
				257AE95026FB45C10069A366 /* KandjiTest-Bridging-Header.h */,
			);
			path = KandjiTest;
			sourceTree = "<group>";
		};
		25B8182326FD06D5009DCEDB /* FileInvestigator */ = {
			isa = PBXGroup;
			children = (
				25B8182426FD06D5009DCEDB /* FileInvestigatorProtocol.h */,
				25B8182526FD06D5009DCEDB /* FileInvestigator.h */,
				25B8182626FD06D5009DCEDB /* FileInvestigator.m */,
				25B8182826FD06D5009DCEDB /* main.m */,
				25B8182A26FD06D5009DCEDB /* Info.plist */,
			);
			path = FileInvestigator;
			sourceTree = "<group>";
		};
		36C255AA0530D3F182FA3C7B /* Pods */ = {
			isa = PBXGroup;
			children = (
				E8EFA7C0756406B7C591DDA7 /* Pods-KandjiTest.debug.xcconfig */,
				448658E5E90170443B5C885A /* Pods-KandjiTest.release.xcconfig */,
			);
			path = Pods;
			sourceTree = "<group>";
		};
		5E3DF8E3654DBD23BE323677 /* Frameworks */ = {
			isa = PBXGroup;
			children = (
				178D927ED1266214DBDE53B9 /* Pods_KandjiTest.framework */,
			);
			name = Frameworks;
			sourceTree = "<group>";
		};
/* End PBXGroup section */

/* Begin PBXNativeTarget section */
		257AE93B26FB45980069A366 /* KandjiTest */ = {
			isa = PBXNativeTarget;
			buildConfigurationList = 257AE94C26FB459C0069A366 /* Build configuration list for PBXNativeTarget "KandjiTest" */;
			buildPhases = (
				5EEEB787E932AD59A8BED1E3 /* [CP] Check Pods Manifest.lock */,
				257AE93826FB45980069A366 /* Sources */,
				257AE93926FB45980069A366 /* Frameworks */,
				257AE93A26FB45980069A366 /* Resources */,
				7C559E95B004BD2A0DBCF631 /* [CP] Embed Pods Frameworks */,
				25B8181826FD06AB009DCEDB /* Embed XPC Services */,
			);
			buildRules = (
			);
			dependencies = (
				25B8182C26FD06D5009DCEDB /* PBXTargetDependency */,
			);
			name = KandjiTest;
			productName = KandjiTest;
			productReference = 257AE93C26FB45980069A366 /* KandjiTest.app */;
			productType = "com.apple.product-type.application";
		};
		25B8182126FD06D5009DCEDB /* FileInvestigator */ = {
			isa = PBXNativeTarget;
			buildConfigurationList = 25B8182E26FD06D5009DCEDB /* Build configuration list for PBXNativeTarget "FileInvestigator" */;
			buildPhases = (
				25B8181E26FD06D5009DCEDB /* Sources */,
				25B8181F26FD06D5009DCEDB /* Frameworks */,
				25B8182026FD06D5009DCEDB /* Resources */,
			);
			buildRules = (
			);
			dependencies = (
			);
			name = FileInvestigator;
			productName = FileInvestigator;
			productReference = 25B8182226FD06D5009DCEDB /* FileInvestigator.xpc */;
			productType = "com.apple.product-type.xpc-service";
		};
/* End PBXNativeTarget section */

/* Begin PBXProject section */
		257AE93426FB45980069A366 /* Project object */ = {
			isa = PBXProject;
			attributes = {
				LastSwiftUpdateCheck = 1240;
				LastUpgradeCheck = 1240;
				TargetAttributes = {
					257AE93B26FB45980069A366 = {
						CreatedOnToolsVersion = 12.4;
						LastSwiftMigration = 1240;
					};
					25B8182126FD06D5009DCEDB = {
						CreatedOnToolsVersion = 12.4;
					};
				};
			};
			buildConfigurationList = 257AE93726FB45980069A366 /* Build configuration list for PBXProject "KandjiTest" */;
			compatibilityVersion = "Xcode 9.3";
			developmentRegion = en;
			hasScannedForEncodings = 0;
			knownRegions = (
				en,
				Base,
			);
			mainGroup = 257AE93326FB45980069A366;
			productRefGroup = 257AE93D26FB45980069A366 /* Products */;
			projectDirPath = "";
			projectRoot = "";
			targets = (
				257AE93B26FB45980069A366 /* KandjiTest */,
				25B8182126FD06D5009DCEDB /* FileInvestigator */,
			);
		};
/* End PBXProject section */

/* Begin PBXResourcesBuildPhase section */
		257AE93A26FB45980069A366 /* Resources */ = {
			isa = PBXResourcesBuildPhase;
			buildActionMask = 2147483647;
			files = (
				257AE94426FB459C0069A366 /* Assets.xcassets in Resources */,
				257AE94726FB459C0069A366 /* Main.storyboard in Resources */,
			);
			runOnlyForDeploymentPostprocessing = 0;
		};
		25B8182026FD06D5009DCEDB /* Resources */ = {
			isa = PBXResourcesBuildPhase;
			buildActionMask = 2147483647;
			files = (
			);
			runOnlyForDeploymentPostprocessing = 0;
		};
/* End PBXResourcesBuildPhase section */

/* Begin PBXShellScriptBuildPhase section */
		5EEEB787E932AD59A8BED1E3 /* [CP] Check Pods Manifest.lock */ = {
			isa = PBXShellScriptBuildPhase;
			buildActionMask = 2147483647;
			files = (
			);
			inputFileListPaths = (
			);
			inputPaths = (
				"${PODS_PODFILE_DIR_PATH}/Podfile.lock",
				"${PODS_ROOT}/Manifest.lock",
			);
			name = "[CP] Check Pods Manifest.lock";
			outputFileListPaths = (
			);
			outputPaths = (
				"$(DERIVED_FILE_DIR)/Pods-KandjiTest-checkManifestLockResult.txt",
			);
			runOnlyForDeploymentPostprocessing = 0;
			shellPath = /bin/sh;
			shellScript = "diff \"${PODS_PODFILE_DIR_PATH}/Podfile.lock\" \"${PODS_ROOT}/Manifest.lock\" > /dev/null\nif [ $? != 0 ] ; then\n    # print error to STDERR\n    echo \"error: The sandbox is not in sync with the Podfile.lock. Run 'pod install' or update your CocoaPods installation.\" >&2\n    exit 1\nfi\n# This output is used by Xcode 'outputs' to avoid re-running this script phase.\necho \"SUCCESS\" > \"${SCRIPT_OUTPUT_FILE_0}\"\n";
			showEnvVarsInLog = 0;
		};
		7C559E95B004BD2A0DBCF631 /* [CP] Embed Pods Frameworks */ = {
			isa = PBXShellScriptBuildPhase;
			buildActionMask = 2147483647;
			files = (
			);
			inputFileListPaths = (
				"${PODS_ROOT}/Target Support Files/Pods-KandjiTest/Pods-KandjiTest-frameworks-${CONFIGURATION}-input-files.xcfilelist",
			);
			name = "[CP] Embed Pods Frameworks";
			outputFileListPaths = (
				"${PODS_ROOT}/Target Support Files/Pods-KandjiTest/Pods-KandjiTest-frameworks-${CONFIGURATION}-output-files.xcfilelist",
			);
			runOnlyForDeploymentPostprocessing = 0;
			shellPath = /bin/sh;
			shellScript = "\"${PODS_ROOT}/Target Support Files/Pods-KandjiTest/Pods-KandjiTest-frameworks.sh\"\n";
			showEnvVarsInLog = 0;
		};
/* End PBXShellScriptBuildPhase section */

/* Begin PBXSourcesBuildPhase section */
		257AE93826FB45980069A366 /* Sources */ = {
			isa = PBXSourcesBuildPhase;
			buildActionMask = 2147483647;
			files = (
				25B8184E27017DBF009DCEDB /* KandjiTestWindowController.swift in Sources */,
				25B818452700F6CF009DCEDB /* XPCCommunicator.swift in Sources */,
				257AE94226FB45980069A366 /* ViewController.swift in Sources */,
				257AE94026FB45980069A366 /* AppDelegate.swift in Sources */,
			);
			runOnlyForDeploymentPostprocessing = 0;
		};
		25B8181E26FD06D5009DCEDB /* Sources */ = {
			isa = PBXSourcesBuildPhase;
			buildActionMask = 2147483647;
			files = (
				25B8182926FD06D5009DCEDB /* main.m in Sources */,
				25B8182726FD06D5009DCEDB /* FileInvestigator.m in Sources */,
			);
			runOnlyForDeploymentPostprocessing = 0;
		};
/* End PBXSourcesBuildPhase section */

/* Begin PBXTargetDependency section */
		25B8182C26FD06D5009DCEDB /* PBXTargetDependency */ = {
			isa = PBXTargetDependency;
			target = 25B8182126FD06D5009DCEDB /* FileInvestigator */;
			targetProxy = 25B8182B26FD06D5009DCEDB /* PBXContainerItemProxy */;
		};
/* End PBXTargetDependency section */

/* Begin PBXVariantGroup section */
		257AE94526FB459C0069A366 /* Main.storyboard */ = {
			isa = PBXVariantGroup;
			children = (
				257AE94626FB459C0069A366 /* Base */,
			);
			name = Main.storyboard;
			sourceTree = "<group>";
		};
/* End PBXVariantGroup section */

/* Begin XCBuildConfiguration section */
		257AE94A26FB459C0069A366 /* Debug */ = {
			isa = XCBuildConfiguration;
			buildSettings = {
				ALWAYS_SEARCH_USER_PATHS = NO;
				CLANG_ANALYZER_NONNULL = YES;
				CLANG_ANALYZER_NUMBER_OBJECT_CONVERSION = YES_AGGRESSIVE;
				CLANG_CXX_LANGUAGE_STANDARD = "gnu++14";
				CLANG_CXX_LIBRARY = "libc++";
				CLANG_ENABLE_MODULES = YES;
				CLANG_ENABLE_OBJC_ARC = YES;
				CLANG_ENABLE_OBJC_WEAK = YES;
				CLANG_WARN_BLOCK_CAPTURE_AUTORELEASING = YES;
				CLANG_WARN_BOOL_CONVERSION = YES;
				CLANG_WARN_COMMA = YES;
				CLANG_WARN_CONSTANT_CONVERSION = YES;
				CLANG_WARN_DEPRECATED_OBJC_IMPLEMENTATIONS = YES;
				CLANG_WARN_DIRECT_OBJC_ISA_USAGE = YES_ERROR;
				CLANG_WARN_DOCUMENTATION_COMMENTS = YES;
				CLANG_WARN_EMPTY_BODY = YES;
				CLANG_WARN_ENUM_CONVERSION = YES;
				CLANG_WARN_INFINITE_RECURSION = YES;
				CLANG_WARN_INT_CONVERSION = YES;
				CLANG_WARN_NON_LITERAL_NULL_CONVERSION = YES;
				CLANG_WARN_OBJC_IMPLICIT_RETAIN_SELF = YES;
				CLANG_WARN_OBJC_LITERAL_CONVERSION = YES;
				CLANG_WARN_OBJC_ROOT_CLASS = YES_ERROR;
				CLANG_WARN_QUOTED_INCLUDE_IN_FRAMEWORK_HEADER = YES;
				CLANG_WARN_RANGE_LOOP_ANALYSIS = YES;
				CLANG_WARN_STRICT_PROTOTYPES = YES;
				CLANG_WARN_SUSPICIOUS_MOVE = YES;
				CLANG_WARN_UNGUARDED_AVAILABILITY = YES_AGGRESSIVE;
				CLANG_WARN_UNREACHABLE_CODE = YES;
				CLANG_WARN__DUPLICATE_METHOD_MATCH = YES;
				COPY_PHASE_STRIP = NO;
				DEBUG_INFORMATION_FORMAT = dwarf;
				ENABLE_STRICT_OBJC_MSGSEND = YES;
				ENABLE_TESTABILITY = YES;
				GCC_C_LANGUAGE_STANDARD = gnu11;
				GCC_DYNAMIC_NO_PIC = NO;
				GCC_NO_COMMON_BLOCKS = YES;
				GCC_OPTIMIZATION_LEVEL = 0;
				GCC_PREPROCESSOR_DEFINITIONS = (
					"DEBUG=1",
					"$(inherited)",
				);
				GCC_WARN_64_TO_32_BIT_CONVERSION = YES;
				GCC_WARN_ABOUT_RETURN_TYPE = YES_ERROR;
				GCC_WARN_UNDECLARED_SELECTOR = YES;
				GCC_WARN_UNINITIALIZED_AUTOS = YES_AGGRESSIVE;
				GCC_WARN_UNUSED_FUNCTION = YES;
				GCC_WARN_UNUSED_VARIABLE = YES;
				MACOSX_DEPLOYMENT_TARGET = 10.15;
				MTL_ENABLE_DEBUG_INFO = INCLUDE_SOURCE;
				MTL_FAST_MATH = YES;
				ONLY_ACTIVE_ARCH = YES;
				SDKROOT = macosx;
				SWIFT_ACTIVE_COMPILATION_CONDITIONS = DEBUG;
				SWIFT_OPTIMIZATION_LEVEL = "-Onone";
			};
			name = Debug;
		};
		257AE94B26FB459C0069A366 /* Release */ = {
			isa = XCBuildConfiguration;
			buildSettings = {
				ALWAYS_SEARCH_USER_PATHS = NO;
				CLANG_ANALYZER_NONNULL = YES;
				CLANG_ANALYZER_NUMBER_OBJECT_CONVERSION = YES_AGGRESSIVE;
				CLANG_CXX_LANGUAGE_STANDARD = "gnu++14";
				CLANG_CXX_LIBRARY = "libc++";
				CLANG_ENABLE_MODULES = YES;
				CLANG_ENABLE_OBJC_ARC = YES;
				CLANG_ENABLE_OBJC_WEAK = YES;
				CLANG_WARN_BLOCK_CAPTURE_AUTORELEASING = YES;
				CLANG_WARN_BOOL_CONVERSION = YES;
				CLANG_WARN_COMMA = YES;
				CLANG_WARN_CONSTANT_CONVERSION = YES;
				CLANG_WARN_DEPRECATED_OBJC_IMPLEMENTATIONS = YES;
				CLANG_WARN_DIRECT_OBJC_ISA_USAGE = YES_ERROR;
				CLANG_WARN_DOCUMENTATION_COMMENTS = YES;
				CLANG_WARN_EMPTY_BODY = YES;
				CLANG_WARN_ENUM_CONVERSION = YES;
				CLANG_WARN_INFINITE_RECURSION = YES;
				CLANG_WARN_INT_CONVERSION = YES;
				CLANG_WARN_NON_LITERAL_NULL_CONVERSION = YES;
				CLANG_WARN_OBJC_IMPLICIT_RETAIN_SELF = YES;
				CLANG_WARN_OBJC_LITERAL_CONVERSION = YES;
				CLANG_WARN_OBJC_ROOT_CLASS = YES_ERROR;
				CLANG_WARN_QUOTED_INCLUDE_IN_FRAMEWORK_HEADER = YES;
				CLANG_WARN_RANGE_LOOP_ANALYSIS = YES;
				CLANG_WARN_STRICT_PROTOTYPES = YES;
				CLANG_WARN_SUSPICIOUS_MOVE = YES;
				CLANG_WARN_UNGUARDED_AVAILABILITY = YES_AGGRESSIVE;
				CLANG_WARN_UNREACHABLE_CODE = YES;
				CLANG_WARN__DUPLICATE_METHOD_MATCH = YES;
				COPY_PHASE_STRIP = NO;
				DEBUG_INFORMATION_FORMAT = "dwarf-with-dsym";
				ENABLE_NS_ASSERTIONS = NO;
				ENABLE_STRICT_OBJC_MSGSEND = YES;
				GCC_C_LANGUAGE_STANDARD = gnu11;
				GCC_NO_COMMON_BLOCKS = YES;
				GCC_WARN_64_TO_32_BIT_CONVERSION = YES;
				GCC_WARN_ABOUT_RETURN_TYPE = YES_ERROR;
				GCC_WARN_UNDECLARED_SELECTOR = YES;
				GCC_WARN_UNINITIALIZED_AUTOS = YES_AGGRESSIVE;
				GCC_WARN_UNUSED_FUNCTION = YES;
				GCC_WARN_UNUSED_VARIABLE = YES;
				MACOSX_DEPLOYMENT_TARGET = 10.15;
				MTL_ENABLE_DEBUG_INFO = NO;
				MTL_FAST_MATH = YES;
				SDKROOT = macosx;
				SWIFT_COMPILATION_MODE = wholemodule;
				SWIFT_OPTIMIZATION_LEVEL = "-O";
			};
			name = Release;
		};
		257AE94D26FB459C0069A366 /* Debug */ = {
			isa = XCBuildConfiguration;
			baseConfigurationReference = E8EFA7C0756406B7C591DDA7 /* Pods-KandjiTest.debug.xcconfig */;
			buildSettings = {
				ASSETCATALOG_COMPILER_APPICON_NAME = AppIcon;
				ASSETCATALOG_COMPILER_GLOBAL_ACCENT_COLOR_NAME = AccentColor;
				CLANG_ENABLE_MODULES = YES;
				CODE_SIGN_ENTITLEMENTS = KandjiTest/KandjiTest.entitlements;
				CODE_SIGN_STYLE = Automatic;
				COMBINE_HIDPI_IMAGES = YES;
				DEFINES_MODULE = YES;
				DEVELOPMENT_TEAM = NJ7V5DU8KW;
				ENABLE_HARDENED_RUNTIME = YES;
				INFOPLIST_FILE = KandjiTest/Info.plist;
				LD_RUNPATH_SEARCH_PATHS = (
					"$(inherited)",
					"@executable_path/../Frameworks",
				);
				PRODUCT_BUNDLE_IDENTIFIER = com.myke.KandjiTest;
				PRODUCT_NAME = "$(TARGET_NAME)";
				SWIFT_OBJC_BRIDGING_HEADER = "KandjiTest/KandjiTest-Bridging-Header.h";
				SWIFT_OPTIMIZATION_LEVEL = "-Onone";
				SWIFT_VERSION = 5.0;
			};
			name = Debug;
		};
		257AE94E26FB459C0069A366 /* Release */ = {
			isa = XCBuildConfiguration;
			baseConfigurationReference = 448658E5E90170443B5C885A /* Pods-KandjiTest.release.xcconfig */;
			buildSettings = {
				ASSETCATALOG_COMPILER_APPICON_NAME = AppIcon;
				ASSETCATALOG_COMPILER_GLOBAL_ACCENT_COLOR_NAME = AccentColor;
				CLANG_ENABLE_MODULES = YES;
				CODE_SIGN_ENTITLEMENTS = KandjiTest/KandjiTest.entitlements;
				CODE_SIGN_STYLE = Automatic;
				COMBINE_HIDPI_IMAGES = YES;
				DEFINES_MODULE = YES;
				DEVELOPMENT_TEAM = NJ7V5DU8KW;
				ENABLE_HARDENED_RUNTIME = YES;
				INFOPLIST_FILE = KandjiTest/Info.plist;
				LD_RUNPATH_SEARCH_PATHS = (
					"$(inherited)",
					"@executable_path/../Frameworks",
				);
				PRODUCT_BUNDLE_IDENTIFIER = com.myke.KandjiTest;
				PRODUCT_NAME = "$(TARGET_NAME)";
				SWIFT_OBJC_BRIDGING_HEADER = "KandjiTest/KandjiTest-Bridging-Header.h";
				SWIFT_VERSION = 5.0;
			};
			name = Release;
		};
		25B8182F26FD06D5009DCEDB /* Debug */ = {
			isa = XCBuildConfiguration;
			buildSettings = {
				CODE_SIGN_STYLE = Automatic;
				COMBINE_HIDPI_IMAGES = YES;
				CURRENT_PROJECT_VERSION = 9;
				DEVELOPMENT_TEAM = NJ7V5DU8KW;
				ENABLE_HARDENED_RUNTIME = YES;
				INFOPLIST_FILE = FileInvestigator/Info.plist;
				MACOSX_DEPLOYMENT_TARGET = 10.14;
				MARKETING_VERSION = 0.1;
				PRODUCT_BUNDLE_IDENTIFIER = com.myke.FileInvestigator;
				PRODUCT_NAME = "$(TARGET_NAME)";
				SKIP_INSTALL = YES;
			};
			name = Debug;
		};
		25B8183026FD06D5009DCEDB /* Release */ = {
			isa = XCBuildConfiguration;
			buildSettings = {
				CODE_SIGN_STYLE = Automatic;
				COMBINE_HIDPI_IMAGES = YES;
				CURRENT_PROJECT_VERSION = 9;
				DEVELOPMENT_TEAM = NJ7V5DU8KW;
				ENABLE_HARDENED_RUNTIME = YES;
				INFOPLIST_FILE = FileInvestigator/Info.plist;
				MACOSX_DEPLOYMENT_TARGET = 10.14;
				MARKETING_VERSION = 0.1;
				PRODUCT_BUNDLE_IDENTIFIER = com.myke.FileInvestigator;
				PRODUCT_NAME = "$(TARGET_NAME)";
				SKIP_INSTALL = YES;
			};
			name = Release;
		};
/* End XCBuildConfiguration section */

/* Begin XCConfigurationList section */
		257AE93726FB45980069A366 /* Build configuration list for PBXProject "KandjiTest" */ = {
			isa = XCConfigurationList;
			buildConfigurations = (
				257AE94A26FB459C0069A366 /* Debug */,
				257AE94B26FB459C0069A366 /* Release */,
			);
			defaultConfigurationIsVisible = 0;
			defaultConfigurationName = Release;
		};
		257AE94C26FB459C0069A366 /* Build configuration list for PBXNativeTarget "KandjiTest" */ = {
			isa = XCConfigurationList;
			buildConfigurations = (
				257AE94D26FB459C0069A366 /* Debug */,
				257AE94E26FB459C0069A366 /* Release */,
			);
			defaultConfigurationIsVisible = 0;
			defaultConfigurationName = Release;
		};
		25B8182E26FD06D5009DCEDB /* Build configuration list for PBXNativeTarget "FileInvestigator" */ = {
			isa = XCConfigurationList;
			buildConfigurations = (
				25B8182F26FD06D5009DCEDB /* Debug */,
				25B8183026FD06D5009DCEDB /* Release */,
			);
			defaultConfigurationIsVisible = 0;
			defaultConfigurationName = Release;
		};
/* End XCConfigurationList section */
	};
	rootObject = 257AE93426FB45980069A366 /* Project object */;
}
